
Microsoft Visual Studio Solution File, Format Version 12.00
Project("{FAE04EC0-301F-11D3-BF4B-00C04F79EFBC}") = "GoBack", "GoBack\GoBack\GoBack.csproj", "{71DB1E4D-0330-462D-99DE-068AD3F1EC00}"
EndProject
Project("{FAE04EC0-301F-11D3-BF4B-00C04F79EFBC}") = "GoBack.iOS", "GoBack\GoBack.iOS\GoBack.iOS.csproj", "{493345DF-C799-4773-A3B1-CD0314F97E2B}"
EndProject
Global
	GlobalSection(SolutionConfigurationPlatforms) = preSolution
		Ad-Hoc|iPhone = Ad-Hoc|iPhone
		AppStore|iPhone = AppStore|iPhone
		Debug|Any CPU = Debug|Any CPU
		Debug|iPhone = Debug|iPhone
		Debug|iPhoneSimulator = Debug|iPhoneSimulator
		Release|Any CPU = Release|Any CPU
		Release|iPhone = Release|iPhone
		Release|iPhoneSimulator = Release|iPhoneSimulator
	EndGlobalSection
	GlobalSection(ProjectConfigurationPlatforms) = postSolution
		{71DB1E4D-0330-462D-99DE-068AD3F1EC00}.Ad-Hoc|iPhone.ActiveCfg = Debug|Any CPU
		{71DB1E4D-0330-462D-99DE-068AD3F1EC00}.Ad-Hoc|iPhone.Build.0 = Debug|Any CPU
		{71DB1E4D-0330-462D-99DE-068AD3F1EC00}.AppStore|iPhone.ActiveCfg = Debug|Any CPU
		{71DB1E4D-0330-462D-99DE-068AD3F1EC00}.AppStore|iPhone.Build.0 = Debug|Any CPU
		{71DB1E4D-0330-462D-99DE-068AD3F1EC00}.Debug|Any CPU.ActiveCfg = Debug|Any CPU
		{71DB1E4D-0330-462D-99DE-068AD3F1EC00}.Debug|Any CPU.Build.0 = Debug|Any CPU
		{71DB1E4D-0330-462D-99DE-068AD3F1EC00}.Debug|iPhone.ActiveCfg = Debug|Any CPU
		{71DB1E4D-0330-462D-99DE-068AD3F1EC00}.Debug|iPhone.Build.0 = Debug|Any CPU
		{71DB1E4D-0330-462D-99DE-068AD3F1EC00}.Debug|iPhoneSimulator.ActiveCfg = Debug|Any CPU
		{71DB1E4D-0330-462D-99DE-068AD3F1EC00}.Debug|iPhoneSimulator.Build.0 = Debug|Any CPU
		{71DB1E4D-0330-462D-99DE-068AD3F1EC00}.Release|Any CPU.ActiveCfg = Release|Any CPU
		{71DB1E4D-0330-462D-99DE-068AD3F1EC00}.Release|Any CPU.Build.0 = Release|Any CPU
		{71DB1E4D-0330-462D-99DE-068AD3F1EC00}.Release|iPhone.ActiveCfg = Release|Any CPU
		{71DB1E4D-0330-462D-99DE-068AD3F1EC00}.Release|iPhone.Build.0 = Release|Any CPU
		{71DB1E4D-0330-462D-99DE-068AD3F1EC00}.Release|iPhoneSimulator.ActiveCfg = Release|Any CPU
		{71DB1E4D-0330-462D-99DE-068AD3F1EC00}.Release|iPhoneSimulator.Build.0 = Release|Any CPU
		{493345DF-C799-4773-A3B1-CD0314F97E2B}.Ad-Hoc|iPhone.ActiveCfg = Ad-Hoc|iPhone
		{493345DF-C799-4773-A3B1-CD0314F97E2B}.Ad-Hoc|iPhone.Build.0 = Ad-Hoc|iPhone
		{493345DF-C799-4773-A3B1-CD0314F97E2B}.Ad-Hoc|iPhone.Deploy.0 = Ad-Hoc|iPhone
		{493345DF-C799-4773-A3B1-CD0314F97E2B}.AppStore|iPhone.ActiveCfg = AppStore|iPhone
		{493345DF-C799-4773-A3B1-CD0314F97E2B}.AppStore|iPhone.Build.0 = AppStore|iPhone
		{493345DF-C799-4773-A3B1-CD0314F97E2B}.AppStore|iPhone.Deploy.0 = AppStore|iPhone
		{493345DF-C799-4773-A3B1-CD0314F97E2B}.Debug|Any CPU.ActiveCfg = Debug|iPhoneSimulator
		{493345DF-C799-4773-A3B1-CD0314F97E2B}.Debug|Any CPU.Build.0 = Debug|iPhoneSimulator
		{493345DF-C799-4773-A3B1-CD0314F97E2B}.Debug|Any CPU.Deploy.0 = Debug|iPhoneSimulator
		{493345DF-C799-4773-A3B1-CD0314F97E2B}.Debug|iPhone.ActiveCfg = Debug|iPhone
		{493345DF-C799-4773-A3B1-CD0314F97E2B}.Debug|iPhone.Build.0 = Debug|iPhone
		{493345DF-C799-4773-A3B1-CD0314F97E2B}.Debug|iPhone.Deploy.0 = Debug|iPhone
		{493345DF-C799-4773-A3B1-CD0314F97E2B}.Debug|iPhoneSimulator.ActiveCfg = Debug|iPhoneSimulator
		{493345DF-C799-4773-A3B1-CD0314F97E2B}.Debug|iPhoneSimulator.Build.0 = Debug|iPhoneSimulator
		{493345DF-C799-4773-A3B1-CD0314F97E2B}.Debug|iPhoneSimulator.Deploy.0 = Debug|iPhoneSimulator
		{493345DF-C799-4773-A3B1-CD0314F97E2B}.Release|Any CPU.ActiveCfg = Release|iPhoneSimulator
		{493345DF-C799-4773-A3B1-CD0314F97E2B}.Release|Any CPU.Build.0 = Release|iPhoneSimulator
		{493345DF-C799-4773-A3B1-CD0314F97E2B}.Release|Any CPU.Deploy.0 = Release|iPhoneSimulator
		{493345DF-C799-4773-A3B1-CD0314F97E2B}.Release|iPhone.ActiveCfg = Release|iPhone
		{493345DF-C799-4773-A3B1-CD0314F97E2B}.Release|iPhone.Build.0 = Release|iPhone
		{493345DF-C799-4773-A3B1-CD0314F97E2B}.Release|iPhone.Deploy.0 = Release|iPhone
		{493345DF-C799-4773-A3B1-CD0314F97E2B}.Release|iPhoneSimulator.ActiveCfg = Release|iPhoneSimulator
		{493345DF-C799-4773-A3B1-CD0314F97E2B}.Release|iPhoneSimulator.Build.0 = Release|iPhoneSimulator
		{493345DF-C799-4773-A3B1-CD0314F97E2B}.Release|iPhoneSimulator.Deploy.0 = Release|iPhoneSimulator
	EndGlobalSection
EndGlobal
